
Microsoft Visual Studio Solution File, Format Version 12.00
# Visual Studio 15
VisualStudioVersion = 15.0.28307.852
MinimumVisualStudioVersion = 10.0.40219.1
Project("{FAE04EC0-301F-11D3-BF4B-00C04F79EFBC}") = "AnkoperMuzikDans", "AnkoperMuzikDans\AnkoperMuzikDans.csproj", "{56EE9DF5-E7D6-4F5A-B399-309DAEB21B5A}"
EndProject
Global
	GlobalSection(SolutionConfigurationPlatforms) = preSolution
		Debug|Any CPU = Debug|Any CPU
		Release|Any CPU = Release|Any CPU
	EndGlobalSection
	GlobalSection(ProjectConfigurationPlatforms) = postSolution
		{56EE9DF5-E7D6-4F5A-B399-309DAEB21B5A}.Debug|Any CPU.ActiveCfg = Debug|Any CPU
		{56EE9DF5-E7D6-4F5A-B399-309DAEB21B5A}.Debug|Any CPU.Build.0 = Debug|Any CPU
		{56EE9DF5-E7D6-4F5A-B399-309DAEB21B5A}.Release|Any CPU.ActiveCfg = Release|Any CPU
		{56EE9DF5-E7D6-4F5A-B399-309DAEB21B5A}.Release|Any CPU.Build.0 = Release|Any CPU
	EndGlobalSection
	GlobalSection(SolutionProperties) = preSolution
		HideSolutionNode = FALSE
	EndGlobalSection
	GlobalSection(ExtensibilityGlobals) = postSolution
		SolutionGuid = {409A1C67-83B0-40FD-9542-796E99366C51}
	EndGlobalSection
EndGlobal
